
Microsoft Visual Studio Solution File, Format Version 12.00
# Visual Studio Version 17
VisualStudioVersion = 17.4.33122.133
MinimumVisualStudioVersion = 10.0.40219.1
Project("{2150E333-8FDC-42A3-9474-1A3956D46DE8}") = "Services", "Services", "{3C88F429-EFC2-446E-BD32-D00917932F4C}"
EndProject
Project("{2150E333-8FDC-42A3-9474-1A3956D46DE8}") = "Catalog", "Catalog", "{683C92DE-6496-4C95-BEAA-5C16253057C1}"
EndProject
Project("{9A19103F-16F7-4668-BE54-9A1E7A4F7556}") = "Catalog.API", "Services\Catalog\Catalog.API\Catalog.API.csproj", "{0930BA2F-615A-4A62-B1C2-57CE49A07290}"
EndProject
Project("{E53339B2-1760-4266-BCC7-CA923CBCF16C}") = "docker-compose", "docker-compose.dcproj", "{1A2CF057-E694-45D9-9958-9887E1A31415}"
EndProject
Project("{2150E333-8FDC-42A3-9474-1A3956D46DE8}") = "Basket", "Basket", "{FEBE35BE-A5E5-418F-9313-43B9BE241A42}"
EndProject
Project("{9A19103F-16F7-4668-BE54-9A1E7A4F7556}") = "Basket.API", "Services\Basket\Basket.API\Basket.API.csproj", "{5BB878F2-45C6-4D37-8B03-74615EF206DC}"
EndProject
Project("{2150E333-8FDC-42A3-9474-1A3956D46DE8}") = "Discount", "Discount", "{215D902D-F3C0-4E9B-859A-556369B3A65B}"
EndProject
Project("{9A19103F-16F7-4668-BE54-9A1E7A4F7556}") = "Discount.API", "Services\Discount\Discount.API\Discount.API.csproj", "{9DCC2058-5A05-41D5-B644-121FF614D9E1}"
EndProject
Project("{9A19103F-16F7-4668-BE54-9A1E7A4F7556}") = "Discount.Grpc", "Services\Discount\Discount.Grpc\Discount.Grpc.csproj", "{F87C172A-C712-4EE0-8682-E494D0281856}"
EndProject
Project("{2150E333-8FDC-42A3-9474-1A3956D46DE8}") = "Ordering", "Ordering", "{805ABE51-2289-4E2C-A891-D5C3B087C878}"
EndProject
Project("{9A19103F-16F7-4668-BE54-9A1E7A4F7556}") = "Ordering.API", "Services\Ordering\Ordering.API\Ordering.API.csproj", "{58788380-11BD-4AB0-B120-B52ED4445455}"
EndProject
Project("{9A19103F-16F7-4668-BE54-9A1E7A4F7556}") = "Ordering.Domain", "Services\Ordering\Ordering.Domain\Ordering.Domain.csproj", "{78AE931A-E0CF-411E-A777-ECC7A73482FC}"
EndProject
Project("{9A19103F-16F7-4668-BE54-9A1E7A4F7556}") = "Ordering.Application", "Services\Ordering\Ordering.Application\Ordering.Application.csproj", "{B65D52BD-AA05-4DC8-9661-23E67C1C8D45}"
EndProject
Project("{9A19103F-16F7-4668-BE54-9A1E7A4F7556}") = "Ordering.Infrastructure", "Services\Ordering\Ordering.Infrastructure\Ordering.Infrastructure.csproj", "{DB268FE7-9AF5-4BF0-8590-11F93A222091}"
EndProject
Project("{2150E333-8FDC-42A3-9474-1A3956D46DE8}") = "BuildingBlocks", "BuildingBlocks", "{53A05E2F-DFE6-43BD-9855-298985B0122A}"
EndProject
Project("{FAE04EC0-301F-11D3-BF4B-00C04F79EFBC}") = "EventBus.Messages", "BuildingBlocks\EventBus.Messages\EventBus.Messages.csproj", "{77D4003C-25AD-4675-A31D-C01D613B3F7F}"
EndProject
Global
	GlobalSection(SolutionConfigurationPlatforms) = preSolution
		Debug|Any CPU = Debug|Any CPU
		Release|Any CPU = Release|Any CPU
	EndGlobalSection
	GlobalSection(ProjectConfigurationPlatforms) = postSolution
		{0930BA2F-615A-4A62-B1C2-57CE49A07290}.Debug|Any CPU.ActiveCfg = Debug|Any CPU
		{0930BA2F-615A-4A62-B1C2-57CE49A07290}.Debug|Any CPU.Build.0 = Debug|Any CPU
		{0930BA2F-615A-4A62-B1C2-57CE49A07290}.Release|Any CPU.ActiveCfg = Release|Any CPU
		{0930BA2F-615A-4A62-B1C2-57CE49A07290}.Release|Any CPU.Build.0 = Release|Any CPU
		{1A2CF057-E694-45D9-9958-9887E1A31415}.Debug|Any CPU.ActiveCfg = Debug|Any CPU
		{1A2CF057-E694-45D9-9958-9887E1A31415}.Debug|Any CPU.Build.0 = Debug|Any CPU
		{1A2CF057-E694-45D9-9958-9887E1A31415}.Release|Any CPU.ActiveCfg = Release|Any CPU
		{1A2CF057-E694-45D9-9958-9887E1A31415}.Release|Any CPU.Build.0 = Release|Any CPU
		{5BB878F2-45C6-4D37-8B03-74615EF206DC}.Debug|Any CPU.ActiveCfg = Debug|Any CPU
		{5BB878F2-45C6-4D37-8B03-74615EF206DC}.Debug|Any CPU.Build.0 = Debug|Any CPU
		{5BB878F2-45C6-4D37-8B03-74615EF206DC}.Release|Any CPU.ActiveCfg = Release|Any CPU
		{5BB878F2-45C6-4D37-8B03-74615EF206DC}.Release|Any CPU.Build.0 = Release|Any CPU
		{9DCC2058-5A05-41D5-B644-121FF614D9E1}.Debug|Any CPU.ActiveCfg = Debug|Any CPU
		{9DCC2058-5A05-41D5-B644-121FF614D9E1}.Debug|Any CPU.Build.0 = Debug|Any CPU
		{9DCC2058-5A05-41D5-B644-121FF614D9E1}.Release|Any CPU.ActiveCfg = Release|Any CPU
		{9DCC2058-5A05-41D5-B644-121FF614D9E1}.Release|Any CPU.Build.0 = Release|Any CPU
		{F87C172A-C712-4EE0-8682-E494D0281856}.Debug|Any CPU.ActiveCfg = Debug|Any CPU
		{F87C172A-C712-4EE0-8682-E494D0281856}.Debug|Any CPU.Build.0 = Debug|Any CPU
		{F87C172A-C712-4EE0-8682-E494D0281856}.Release|Any CPU.ActiveCfg = Release|Any CPU
		{F87C172A-C712-4EE0-8682-E494D0281856}.Release|Any CPU.Build.0 = Release|Any CPU
		{58788380-11BD-4AB0-B120-B52ED4445455}.Debug|Any CPU.ActiveCfg = Debug|Any CPU
		{58788380-11BD-4AB0-B120-B52ED4445455}.Debug|Any CPU.Build.0 = Debug|Any CPU
		{58788380-11BD-4AB0-B120-B52ED4445455}.Release|Any CPU.ActiveCfg = Release|Any CPU
		{58788380-11BD-4AB0-B120-B52ED4445455}.Release|Any CPU.Build.0 = Release|Any CPU
		{78AE931A-E0CF-411E-A777-ECC7A73482FC}.Debug|Any CPU.ActiveCfg = Debug|Any CPU
		{78AE931A-E0CF-411E-A777-ECC7A73482FC}.Debug|Any CPU.Build.0 = Debug|Any CPU
		{78AE931A-E0CF-411E-A777-ECC7A73482FC}.Release|Any CPU.ActiveCfg = Release|Any CPU
		{78AE931A-E0CF-411E-A777-ECC7A73482FC}.Release|Any CPU.Build.0 = Release|Any CPU
		{B65D52BD-AA05-4DC8-9661-23E67C1C8D45}.Debug|Any CPU.ActiveCfg = Debug|Any CPU
		{B65D52BD-AA05-4DC8-9661-23E67C1C8D45}.Debug|Any CPU.Build.0 = Debug|Any CPU
		{B65D52BD-AA05-4DC8-9661-23E67C1C8D45}.Release|Any CPU.ActiveCfg = Release|Any CPU
		{B65D52BD-AA05-4DC8-9661-23E67C1C8D45}.Release|Any CPU.Build.0 = Release|Any CPU
		{DB268FE7-9AF5-4BF0-8590-11F93A222091}.Debug|Any CPU.ActiveCfg = Debug|Any CPU
		{DB268FE7-9AF5-4BF0-8590-11F93A222091}.Debug|Any CPU.Build.0 = Debug|Any CPU
		{DB268FE7-9AF5-4BF0-8590-11F93A222091}.Release|Any CPU.ActiveCfg = Release|Any CPU
		{DB268FE7-9AF5-4BF0-8590-11F93A222091}.Release|Any CPU.Build.0 = Release|Any CPU
		{77D4003C-25AD-4675-A31D-C01D613B3F7F}.Debug|Any CPU.ActiveCfg = Debug|Any CPU
		{77D4003C-25AD-4675-A31D-C01D613B3F7F}.Debug|Any CPU.Build.0 = Debug|Any CPU
		{77D4003C-25AD-4675-A31D-C01D613B3F7F}.Release|Any CPU.ActiveCfg = Release|Any CPU
		{77D4003C-25AD-4675-A31D-C01D613B3F7F}.Release|Any CPU.Build.0 = Release|Any CPU
	EndGlobalSection
	GlobalSection(SolutionProperties) = preSolution
		HideSolutionNode = FALSE
	EndGlobalSection
	GlobalSection(NestedProjects) = preSolution
		{683C92DE-6496-4C95-BEAA-5C16253057C1} = {3C88F429-EFC2-446E-BD32-D00917932F4C}
		{0930BA2F-615A-4A62-B1C2-57CE49A07290} = {683C92DE-6496-4C95-BEAA-5C16253057C1}
		{FEBE35BE-A5E5-418F-9313-43B9BE241A42} = {3C88F429-EFC2-446E-BD32-D00917932F4C}
		{5BB878F2-45C6-4D37-8B03-74615EF206DC} = {FEBE35BE-A5E5-418F-9313-43B9BE241A42}
		{215D902D-F3C0-4E9B-859A-556369B3A65B} = {3C88F429-EFC2-446E-BD32-D00917932F4C}
		{9DCC2058-5A05-41D5-B644-121FF614D9E1} = {215D902D-F3C0-4E9B-859A-556369B3A65B}
		{F87C172A-C712-4EE0-8682-E494D0281856} = {215D902D-F3C0-4E9B-859A-556369B3A65B}
		{805ABE51-2289-4E2C-A891-D5C3B087C878} = {3C88F429-EFC2-446E-BD32-D00917932F4C}
		{58788380-11BD-4AB0-B120-B52ED4445455} = {805ABE51-2289-4E2C-A891-D5C3B087C878}
		{78AE931A-E0CF-411E-A777-ECC7A73482FC} = {805ABE51-2289-4E2C-A891-D5C3B087C878}
		{B65D52BD-AA05-4DC8-9661-23E67C1C8D45} = {805ABE51-2289-4E2C-A891-D5C3B087C878}
		{DB268FE7-9AF5-4BF0-8590-11F93A222091} = {805ABE51-2289-4E2C-A891-D5C3B087C878}
		{77D4003C-25AD-4675-A31D-C01D613B3F7F} = {53A05E2F-DFE6-43BD-9855-298985B0122A}
	EndGlobalSection
	GlobalSection(ExtensibilityGlobals) = postSolution
		SolutionGuid = {2BF2CAEF-B6A5-4073-90FA-426AECA30319}
	EndGlobalSection
EndGlobal
